
Microsoft Visual Studio Solution File, Format Version 12.00
Project("{2150E333-8FDC-42A3-9474-1A3956D46DE8}") = "src", "src", "{9E080B18-3AC1-455E-A199-BEC89E116581}"
EndProject
Project("{2150E333-8FDC-42A3-9474-1A3956D46DE8}") = "Backend", "Backend", "{81DD5D3B-61A7-4A10-A68F-52CC1061C66D}"
EndProject
Project("{FAE04EC0-301F-11D3-BF4B-00C04F79EFBC}") = "UserAnimeList.API", "src\Backend\UserAnimeList.API\UserAnimeList.API.csproj", "{A1C9196A-845B-4EAC-8277-79BF06EB3E00}"
EndProject
Project("{FAE04EC0-301F-11D3-BF4B-00C04F79EFBC}") = "UserAnimeList.Domain", "src\Backend\UserAnimeList.Domain\UserAnimeList.Domain.csproj", "{F1E93B34-1C47-48A5-B893-B8D8FA18E1A9}"
EndProject
Project("{FAE04EC0-301F-11D3-BF4B-00C04F79EFBC}") = "UserAnimeList.Application", "src\Backend\UserAnimeList.Application\UserAnimeList.Application.csproj", "{62A43605-3734-41BA-B19B-37235DC4D0EE}"
EndProject
Project("{FAE04EC0-301F-11D3-BF4B-00C04F79EFBC}") = "UserAnimeList.Infrastructure", "src\Backend\UserAnimeList.Infrastructure\UserAnimeList.Infrastructure.csproj", "{1B4157DD-97E4-4DB5-8454-61ADCB9D6B2F}"
EndProject
Project("{2150E333-8FDC-42A3-9474-1A3956D46DE8}") = "Shared", "Shared", "{4EDC26D1-1E47-429E-A392-3F0EECB1AC68}"
EndProject
Project("{FAE04EC0-301F-11D3-BF4B-00C04F79EFBC}") = "UserAnimeList.Communication", "src\Shared\UserAnimeList.Communication\UserAnimeList.Communication.csproj", "{75436A52-B2CD-4333-B7A0-C085CD007EA5}"
EndProject
Project("{FAE04EC0-301F-11D3-BF4B-00C04F79EFBC}") = "UserAnimeList.Exception", "src\Shared\UserAnimeList.Exception\UserAnimeList.Exception.csproj", "{74D949CF-4E00-4A48-A681-8D77AD73CB9F}"
EndProject
Project("{2150E333-8FDC-42A3-9474-1A3956D46DE8}") = "tests", "tests", "{41498F8F-EF3F-4AA8-BAC2-6F0C3BCB092C}"
EndProject
Project("{FAE04EC0-301F-11D3-BF4B-00C04F79EFBC}") = "UseCases.Test", "tests\UseCases.Test\UseCases.Test.csproj", "{4F03C735-ABC5-4DB5-94BC-2CA92943330E}"
EndProject
Project("{FAE04EC0-301F-11D3-BF4B-00C04F79EFBC}") = "Validators.Test", "tests\Validators.Test\Validators.Test.csproj", "{1E60AE48-FB33-462F-893C-D270FBFC0543}"
EndProject
Project("{FAE04EC0-301F-11D3-BF4B-00C04F79EFBC}") = "WebApi.Test", "tests\WebApi.Test\WebApi.Test.csproj", "{134D4EBC-CCFD-4384-9B66-1CB8F15F7178}"
EndProject
Project("{FAE04EC0-301F-11D3-BF4B-00C04F79EFBC}") = "CommonTestUtilities", "tests\CommonTestUtilities\CommonTestUtilities.csproj", "{0A4791EA-E5B4-4905-BFAD-2B3B34B1BAA4}"
EndProject
Global
	GlobalSection(SolutionConfigurationPlatforms) = preSolution
		Debug|Any CPU = Debug|Any CPU
		Release|Any CPU = Release|Any CPU
	EndGlobalSection
	GlobalSection(ProjectConfigurationPlatforms) = postSolution
		{A1C9196A-845B-4EAC-8277-79BF06EB3E00}.Debug|Any CPU.ActiveCfg = Debug|Any CPU
		{A1C9196A-845B-4EAC-8277-79BF06EB3E00}.Debug|Any CPU.Build.0 = Debug|Any CPU
		{A1C9196A-845B-4EAC-8277-79BF06EB3E00}.Release|Any CPU.ActiveCfg = Release|Any CPU
		{A1C9196A-845B-4EAC-8277-79BF06EB3E00}.Release|Any CPU.Build.0 = Release|Any CPU
		{F1E93B34-1C47-48A5-B893-B8D8FA18E1A9}.Debug|Any CPU.ActiveCfg = Debug|Any CPU
		{F1E93B34-1C47-48A5-B893-B8D8FA18E1A9}.Debug|Any CPU.Build.0 = Debug|Any CPU
		{F1E93B34-1C47-48A5-B893-B8D8FA18E1A9}.Release|Any CPU.ActiveCfg = Release|Any CPU
		{F1E93B34-1C47-48A5-B893-B8D8FA18E1A9}.Release|Any CPU.Build.0 = Release|Any CPU
		{62A43605-3734-41BA-B19B-37235DC4D0EE}.Debug|Any CPU.ActiveCfg = Debug|Any CPU
		{62A43605-3734-41BA-B19B-37235DC4D0EE}.Debug|Any CPU.Build.0 = Debug|Any CPU
		{62A43605-3734-41BA-B19B-37235DC4D0EE}.Release|Any CPU.ActiveCfg = Release|Any CPU
		{62A43605-3734-41BA-B19B-37235DC4D0EE}.Release|Any CPU.Build.0 = Release|Any CPU
		{1B4157DD-97E4-4DB5-8454-61ADCB9D6B2F}.Debug|Any CPU.ActiveCfg = Debug|Any CPU
		{1B4157DD-97E4-4DB5-8454-61ADCB9D6B2F}.Debug|Any CPU.Build.0 = Debug|Any CPU
		{1B4157DD-97E4-4DB5-8454-61ADCB9D6B2F}.Release|Any CPU.ActiveCfg = Release|Any CPU
		{1B4157DD-97E4-4DB5-8454-61ADCB9D6B2F}.Release|Any CPU.Build.0 = Release|Any CPU
		{75436A52-B2CD-4333-B7A0-C085CD007EA5}.Debug|Any CPU.ActiveCfg = Debug|Any CPU
		{75436A52-B2CD-4333-B7A0-C085CD007EA5}.Debug|Any CPU.Build.0 = Debug|Any CPU
		{75436A52-B2CD-4333-B7A0-C085CD007EA5}.Release|Any CPU.ActiveCfg = Release|Any CPU
		{75436A52-B2CD-4333-B7A0-C085CD007EA5}.Release|Any CPU.Build.0 = Release|Any CPU
		{74D949CF-4E00-4A48-A681-8D77AD73CB9F}.Debug|Any CPU.ActiveCfg = Debug|Any CPU
		{74D949CF-4E00-4A48-A681-8D77AD73CB9F}.Debug|Any CPU.Build.0 = Debug|Any CPU
		{74D949CF-4E00-4A48-A681-8D77AD73CB9F}.Release|Any CPU.ActiveCfg = Release|Any CPU
		{74D949CF-4E00-4A48-A681-8D77AD73CB9F}.Release|Any CPU.Build.0 = Release|Any CPU
		{4F03C735-ABC5-4DB5-94BC-2CA92943330E}.Debug|Any CPU.ActiveCfg = Debug|Any CPU
		{4F03C735-ABC5-4DB5-94BC-2CA92943330E}.Debug|Any CPU.Build.0 = Debug|Any CPU
		{4F03C735-ABC5-4DB5-94BC-2CA92943330E}.Release|Any CPU.ActiveCfg = Release|Any CPU
		{4F03C735-ABC5-4DB5-94BC-2CA92943330E}.Release|Any CPU.Build.0 = Release|Any CPU
		{1E60AE48-FB33-462F-893C-D270FBFC0543}.Debug|Any CPU.ActiveCfg = Debug|Any CPU
		{1E60AE48-FB33-462F-893C-D270FBFC0543}.Debug|Any CPU.Build.0 = Debug|Any CPU
		{1E60AE48-FB33-462F-893C-D270FBFC0543}.Release|Any CPU.ActiveCfg = Release|Any CPU
		{1E60AE48-FB33-462F-893C-D270FBFC0543}.Release|Any CPU.Build.0 = Release|Any CPU
		{134D4EBC-CCFD-4384-9B66-1CB8F15F7178}.Debug|Any CPU.ActiveCfg = Debug|Any CPU
		{134D4EBC-CCFD-4384-9B66-1CB8F15F7178}.Debug|Any CPU.Build.0 = Debug|Any CPU
		{134D4EBC-CCFD-4384-9B66-1CB8F15F7178}.Release|Any CPU.ActiveCfg = Release|Any CPU
		{134D4EBC-CCFD-4384-9B66-1CB8F15F7178}.Release|Any CPU.Build.0 = Release|Any CPU
		{0A4791EA-E5B4-4905-BFAD-2B3B34B1BAA4}.Debug|Any CPU.ActiveCfg = Debug|Any CPU
		{0A4791EA-E5B4-4905-BFAD-2B3B34B1BAA4}.Debug|Any CPU.Build.0 = Debug|Any CPU
		{0A4791EA-E5B4-4905-BFAD-2B3B34B1BAA4}.Release|Any CPU.ActiveCfg = Release|Any CPU
		{0A4791EA-E5B4-4905-BFAD-2B3B34B1BAA4}.Release|Any CPU.Build.0 = Release|Any CPU
	EndGlobalSection
	GlobalSection(NestedProjects) = preSolution
		{81DD5D3B-61A7-4A10-A68F-52CC1061C66D} = {9E080B18-3AC1-455E-A199-BEC89E116581}
		{A1C9196A-845B-4EAC-8277-79BF06EB3E00} = {81DD5D3B-61A7-4A10-A68F-52CC1061C66D}
		{F1E93B34-1C47-48A5-B893-B8D8FA18E1A9} = {81DD5D3B-61A7-4A10-A68F-52CC1061C66D}
		{62A43605-3734-41BA-B19B-37235DC4D0EE} = {81DD5D3B-61A7-4A10-A68F-52CC1061C66D}
		{1B4157DD-97E4-4DB5-8454-61ADCB9D6B2F} = {81DD5D3B-61A7-4A10-A68F-52CC1061C66D}
		{4EDC26D1-1E47-429E-A392-3F0EECB1AC68} = {9E080B18-3AC1-455E-A199-BEC89E116581}
		{75436A52-B2CD-4333-B7A0-C085CD007EA5} = {4EDC26D1-1E47-429E-A392-3F0EECB1AC68}
		{74D949CF-4E00-4A48-A681-8D77AD73CB9F} = {4EDC26D1-1E47-429E-A392-3F0EECB1AC68}
		{4F03C735-ABC5-4DB5-94BC-2CA92943330E} = {41498F8F-EF3F-4AA8-BAC2-6F0C3BCB092C}
		{1E60AE48-FB33-462F-893C-D270FBFC0543} = {41498F8F-EF3F-4AA8-BAC2-6F0C3BCB092C}
		{134D4EBC-CCFD-4384-9B66-1CB8F15F7178} = {41498F8F-EF3F-4AA8-BAC2-6F0C3BCB092C}
		{0A4791EA-E5B4-4905-BFAD-2B3B34B1BAA4} = {41498F8F-EF3F-4AA8-BAC2-6F0C3BCB092C}
	EndGlobalSection
EndGlobal
